PODS:
  - OMGHTTPURLRQ/UserAgent (3.1.2)
  - TDOAuth (1.1.2):
    - OMGHTTPURLRQ/UserAgent
  - YelpAPI (1.0.3):
    - TDOAuth (~> 1.1)

DEPENDENCIES:
  - YelpAPI (~> 1.0.3)

SPEC CHECKSUMS:
  OMGHTTPURLRQ: 38316b56d88125c600bcdb16df8329147da2b0ee
  TDOAuth: f7e356e834295b83c7b5066ee72a30f128c5f722
  YelpAPI: 20f52ee0a13db1f47155c22df0f58fab12f9e9c1

PODFILE CHECKSUM: d20d9b5f9d18a66c10621d9115514ce357c0bcd7

COCOAPODS: 1.0.0
